// !$*UTF8*$!
{
	archiveVersion = 1;
	classes = {
	};
	objectVersion = 50;
	objects = {

/* Begin PBXBuildFile section */
		6322D4FF24EAD46F00D21F08 /* AppDelegate.swift in Sources */ = {isa = PBXBuildFile; fileRef = 6322D4FE24EAD46F00D21F08 /* AppDelegate.swift */; };
		6322D50124EAD46F00D21F08 /* SceneDelegate.swift in Sources */ = {isa = PBXBuildFile; fileRef = 6322D50024EAD46F00D21F08 /* SceneDelegate.swift */; };
		6322D50824EAD47200D21F08 /* Assets.xcassets in Resources */ = {isa = PBXBuildFile; fileRef = 6322D50724EAD47200D21F08 /* Assets.xcassets */; };
		6322D50B24EAD47200D21F08 /* LaunchScreen.storyboard in Resources */ = {isa = PBXBuildFile; fileRef = 6322D50924EAD47200D21F08 /* LaunchScreen.storyboard */; };
		6322D52624EAD68100D21F08 /* AlbumViewController.swift in Sources */ = {isa = PBXBuildFile; fileRef = 6322D52424EAD68100D21F08 /* AlbumViewController.swift */; };
		6322D52724EAD68100D21F08 /* AlbumViewController.xib in Resources */ = {isa = PBXBuildFile; fileRef = 6322D52524EAD68100D21F08 /* AlbumViewController.xib */; };
		6322D52C24EAD74400D21F08 /* AlbumResponse.swift in Sources */ = {isa = PBXBuildFile; fileRef = 6322D52B24EAD74400D21F08 /* AlbumResponse.swift */; };
		6322D52E24EAD88600D21F08 /* Album.swift in Sources */ = {isa = PBXBuildFile; fileRef = 6322D52D24EAD88600D21F08 /* Album.swift */; };
		6322D53024EAD8AD00D21F08 /* PhotoResponse.swift in Sources */ = {isa = PBXBuildFile; fileRef = 6322D52F24EAD8AD00D21F08 /* PhotoResponse.swift */; };
		6322D53224EAD8E300D21F08 /* Photo.swift in Sources */ = {isa = PBXBuildFile; fileRef = 6322D53124EAD8E300D21F08 /* Photo.swift */; };
		6322D53424EADA6800D21F08 /* AlbumTests.swift in Sources */ = {isa = PBXBuildFile; fileRef = 6322D53324EADA6800D21F08 /* AlbumTests.swift */; };
		6322D53624EADA7800D21F08 /* PhotoTests.swift in Sources */ = {isa = PBXBuildFile; fileRef = 6322D53524EADA7800D21F08 /* PhotoTests.swift */; };
		6322D53824EADCE600D21F08 /* AlbumPresenter.swift in Sources */ = {isa = PBXBuildFile; fileRef = 6322D53724EADCE500D21F08 /* AlbumPresenter.swift */; };
		6322D53B24EADDD500D21F08 /* AlbumBusinessController.swift in Sources */ = {isa = PBXBuildFile; fileRef = 6322D53A24EADDD500D21F08 /* AlbumBusinessController.swift */; };
		6322D53E24EAE05A00D21F08 /* AlbumGateway.swift in Sources */ = {isa = PBXBuildFile; fileRef = 6322D53D24EAE05A00D21F08 /* AlbumGateway.swift */; };
		6322D54124EAE1E700D21F08 /* AlbumGatewayMock.swift in Sources */ = {isa = PBXBuildFile; fileRef = 6322D54024EAE1E700D21F08 /* AlbumGatewayMock.swift */; };
		6322D54624EAE4F400D21F08 /* Enviroment.swift in Sources */ = {isa = PBXBuildFile; fileRef = 6322D54524EAE4F400D21F08 /* Enviroment.swift */; };
		6322D54824EAE65000D21F08 /* MediaMonksErrors.swift in Sources */ = {isa = PBXBuildFile; fileRef = 6322D54724EAE65000D21F08 /* MediaMonksErrors.swift */; };
/* End PBXBuildFile section */

/* Begin PBXContainerItemProxy section */
		6322D51224EAD47200D21F08 /* PBXContainerItemProxy */ = {
			isa = PBXContainerItemProxy;
			containerPortal = 6322D4F324EAD46F00D21F08 /* Project object */;
			proxyType = 1;
			remoteGlobalIDString = 6322D4FA24EAD46F00D21F08;
			remoteInfo = MediaMonks;
		};
/* End PBXContainerItemProxy section */

/* Begin PBXFileReference section */
		6322D4FB24EAD46F00D21F08 /* MediaMonks.app */ = {isa = PBXFileReference; explicitFileType = wrapper.application; includeInIndex = 0; path = MediaMonks.app; sourceTree = BUILT_PRODUCTS_DIR; };
		6322D4FE24EAD46F00D21F08 /* AppDelegate.swift */ = {isa = PBXFileReference; lastKnownFileType = sourcecode.swift; path = AppDelegate.swift; sourceTree = "<group>"; };
		6322D50024EAD46F00D21F08 /* SceneDelegate.swift */ = {isa = PBXFileReference; lastKnownFileType = sourcecode.swift; path = SceneDelegate.swift; sourceTree = "<group>"; };
		6322D50724EAD47200D21F08 /* Assets.xcassets */ = {isa = PBXFileReference; lastKnownFileType = folder.assetcatalog; path = Assets.xcassets; sourceTree = "<group>"; };
		6322D50A24EAD47200D21F08 /* Base */ = {isa = PBXFileReference; lastKnownFileType = file.storyboard; name = Base; path = Base.lproj/LaunchScreen.storyboard; sourceTree = "<group>"; };
		6322D50C24EAD47200D21F08 /* Info.plist */ = {isa = PBXFileReference; lastKnownFileType = text.plist.xml; path = Info.plist; sourceTree = "<group>"; };
		6322D51124EAD47200D21F08 /* MediaMonksTests.xctest */ = {isa = PBXFileReference; explicitFileType = wrapper.cfbundle; includeInIndex = 0; path = MediaMonksTests.xctest; sourceTree = BUILT_PRODUCTS_DIR; };
		6322D51724EAD47200D21F08 /* Info.plist */ = {isa = PBXFileReference; lastKnownFileType = text.plist.xml; path = Info.plist; sourceTree = "<group>"; };
		6322D52424EAD68100D21F08 /* AlbumViewController.swift */ = {isa = PBXFileReference; lastKnownFileType = sourcecode.swift; path = AlbumViewController.swift; sourceTree = "<group>"; };
		6322D52524EAD68100D21F08 /* AlbumViewController.xib */ = {isa = PBXFileReference; lastKnownFileType = file.xib; path = AlbumViewController.xib; sourceTree = "<group>"; };
		6322D52B24EAD74400D21F08 /* AlbumResponse.swift */ = {isa = PBXFileReference; lastKnownFileType = sourcecode.swift; path = AlbumResponse.swift; sourceTree = "<group>"; };
		6322D52D24EAD88600D21F08 /* Album.swift */ = {isa = PBXFileReference; lastKnownFileType = sourcecode.swift; path = Album.swift; sourceTree = "<group>"; };
		6322D52F24EAD8AD00D21F08 /* PhotoResponse.swift */ = {isa = PBXFileReference; lastKnownFileType = sourcecode.swift; path = PhotoResponse.swift; sourceTree = "<group>"; };
		6322D53124EAD8E300D21F08 /* Photo.swift */ = {isa = PBXFileReference; lastKnownFileType = sourcecode.swift; path = Photo.swift; sourceTree = "<group>"; };
		6322D53324EADA6800D21F08 /* AlbumTests.swift */ = {isa = PBXFileReference; lastKnownFileType = sourcecode.swift; path = AlbumTests.swift; sourceTree = "<group>"; };
		6322D53524EADA7800D21F08 /* PhotoTests.swift */ = {isa = PBXFileReference; lastKnownFileType = sourcecode.swift; path = PhotoTests.swift; sourceTree = "<group>"; };
		6322D53724EADCE500D21F08 /* AlbumPresenter.swift */ = {isa = PBXFileReference; lastKnownFileType = sourcecode.swift; path = AlbumPresenter.swift; sourceTree = "<group>"; };
		6322D53A24EADDD500D21F08 /* AlbumBusinessController.swift */ = {isa = PBXFileReference; lastKnownFileType = sourcecode.swift; path = AlbumBusinessController.swift; sourceTree = "<group>"; };
		6322D53D24EAE05A00D21F08 /* AlbumGateway.swift */ = {isa = PBXFileReference; lastKnownFileType = sourcecode.swift; path = AlbumGateway.swift; sourceTree = "<group>"; };
		6322D54024EAE1E700D21F08 /* AlbumGatewayMock.swift */ = {isa = PBXFileReference; lastKnownFileType = sourcecode.swift; path = AlbumGatewayMock.swift; sourceTree = "<group>"; };
		6322D54524EAE4F400D21F08 /* Enviroment.swift */ = {isa = PBXFileReference; lastKnownFileType = sourcecode.swift; path = Enviroment.swift; sourceTree = "<group>"; };
		6322D54724EAE65000D21F08 /* MediaMonksErrors.swift */ = {isa = PBXFileReference; lastKnownFileType = sourcecode.swift; path = MediaMonksErrors.swift; sourceTree = "<group>"; };
/* End PBXFileReference section */

/* Begin PBXFrameworksBuildPhase section */
		6322D4F824EAD46F00D21F08 /* Frameworks */ = {
			isa = PBXFrameworksBuildPhase;
			buildActionMask = 2147483647;
			files = (
			);
			runOnlyForDeploymentPostprocessing = 0;
		};
		6322D50E24EAD47200D21F08 /* Frameworks */ = {
			isa = PBXFrameworksBuildPhase;
			buildActionMask = 2147483647;
			files = (
			);
			runOnlyForDeploymentPostprocessing = 0;
		};
/* End PBXFrameworksBuildPhase section */

/* Begin PBXGroup section */
		6322D4F224EAD46F00D21F08 = {
			isa = PBXGroup;
			children = (
				6322D4FD24EAD46F00D21F08 /* MediaMonks */,
				6322D51424EAD47200D21F08 /* MediaMonksTests */,
				6322D4FC24EAD46F00D21F08 /* Products */,
			);
			sourceTree = "<group>";
		};
		6322D4FC24EAD46F00D21F08 /* Products */ = {
			isa = PBXGroup;
			children = (
				6322D4FB24EAD46F00D21F08 /* MediaMonks.app */,
				6322D51124EAD47200D21F08 /* MediaMonksTests.xctest */,
			);
			name = Products;
			sourceTree = "<group>";
		};
		6322D4FD24EAD46F00D21F08 /* MediaMonks */ = {
			isa = PBXGroup;
			children = (
				6322D52024EAD5B200D21F08 /* Application */,
				6322D52124EAD60B00D21F08 /* Business */,
				6322D52224EAD61400D21F08 /* Presentation */,
				6322D54424EAE4E500D21F08 /* Utils */,
				6322D52324EAD62600D21F08 /* Resources */,
				6322D50C24EAD47200D21F08 /* Info.plist */,
			);
			path = MediaMonks;
			sourceTree = "<group>";
		};
		6322D51424EAD47200D21F08 /* MediaMonksTests */ = {
			isa = PBXGroup;
			children = (
				6322D53F24EAE1D800D21F08 /* Mocks */,
				6322D53324EADA6800D21F08 /* AlbumTests.swift */,
				6322D53524EADA7800D21F08 /* PhotoTests.swift */,
				6322D51724EAD47200D21F08 /* Info.plist */,
			);
			path = MediaMonksTests;
			sourceTree = "<group>";
		};
		6322D52024EAD5B200D21F08 /* Application */ = {
			isa = PBXGroup;
			children = (
				6322D4FE24EAD46F00D21F08 /* AppDelegate.swift */,
				6322D50024EAD46F00D21F08 /* SceneDelegate.swift */,
			);
			path = Application;
			sourceTree = "<group>";
		};
		6322D52124EAD60B00D21F08 /* Business */ = {
			isa = PBXGroup;
			children = (
				6322D53924EADDC000D21F08 /* Controllers */,
				6322D53C24EAE04900D21F08 /* Gateways */,
				6322D52924EAD72A00D21F08 /* Models */,
			);
			path = Business;
			sourceTree = "<group>";
		};
		6322D52224EAD61400D21F08 /* Presentation */ = {
			isa = PBXGroup;
			children = (
				6322D52824EAD68400D21F08 /* Album */,
			);
			path = Presentation;
			sourceTree = "<group>";
		};
		6322D52324EAD62600D21F08 /* Resources */ = {
			isa = PBXGroup;
			children = (
				6322D50724EAD47200D21F08 /* Assets.xcassets */,
				6322D50924EAD47200D21F08 /* LaunchScreen.storyboard */,
			);
			path = Resources;
			sourceTree = "<group>";
		};
		6322D52824EAD68400D21F08 /* Album */ = {
			isa = PBXGroup;
			children = (
				6322D52424EAD68100D21F08 /* AlbumViewController.swift */,
				6322D53724EADCE500D21F08 /* AlbumPresenter.swift */,
				6322D52524EAD68100D21F08 /* AlbumViewController.xib */,
			);
			path = Album;
			sourceTree = "<group>";
		};
		6322D52924EAD72A00D21F08 /* Models */ = {
			isa = PBXGroup;
			children = (
				6322D52A24EAD73100D21F08 /* Responses */,
				6322D52D24EAD88600D21F08 /* Album.swift */,
				6322D53124EAD8E300D21F08 /* Photo.swift */,
			);
			path = Models;
			sourceTree = "<group>";
		};
		6322D52A24EAD73100D21F08 /* Responses */ = {
			isa = PBXGroup;
			children = (
				6322D52B24EAD74400D21F08 /* AlbumResponse.swift */,
				6322D52F24EAD8AD00D21F08 /* PhotoResponse.swift */,
			);
			path = Responses;
			sourceTree = "<group>";
		};
		6322D53924EADDC000D21F08 /* Controllers */ = {
			isa = PBXGroup;
			children = (
				6322D53A24EADDD500D21F08 /* AlbumBusinessController.swift */,
			);
			path = Controllers;
			sourceTree = "<group>";
		};
		6322D53C24EAE04900D21F08 /* Gateways */ = {
			isa = PBXGroup;
			children = (
				6322D53D24EAE05A00D21F08 /* AlbumGateway.swift */,
			);
			path = Gateways;
			sourceTree = "<group>";
		};
		6322D53F24EAE1D800D21F08 /* Mocks */ = {
			isa = PBXGroup;
			children = (
				6322D54024EAE1E700D21F08 /* AlbumGatewayMock.swift */,
			);
			path = Mocks;
			sourceTree = "<group>";
		};
		6322D54424EAE4E500D21F08 /* Utils */ = {
			isa = PBXGroup;
			children = (
				6322D54524EAE4F400D21F08 /* Enviroment.swift */,
				6322D54724EAE65000D21F08 /* MediaMonksErrors.swift */,
			);
			path = Utils;
			sourceTree = "<group>";
		};
/* End PBXGroup section */

/* Begin PBXNativeTarget section */
		6322D4FA24EAD46F00D21F08 /* MediaMonks */ = {
			isa = PBXNativeTarget;
			buildConfigurationList = 6322D51A24EAD47200D21F08 /* Build configuration list for PBXNativeTarget "MediaMonks" */;
			buildPhases = (
				6322D4F724EAD46F00D21F08 /* Sources */,
				6322D4F824EAD46F00D21F08 /* Frameworks */,
				6322D4F924EAD46F00D21F08 /* Resources */,
			);
			buildRules = (
			);
			dependencies = (
			);
			name = MediaMonks;
			productName = MediaMonks;
			productReference = 6322D4FB24EAD46F00D21F08 /* MediaMonks.app */;
			productType = "com.apple.product-type.application";
		};
		6322D51024EAD47200D21F08 /* MediaMonksTests */ = {
			isa = PBXNativeTarget;
			buildConfigurationList = 6322D51D24EAD47200D21F08 /* Build configuration list for PBXNativeTarget "MediaMonksTests" */;
			buildPhases = (
				6322D50D24EAD47200D21F08 /* Sources */,
				6322D50E24EAD47200D21F08 /* Frameworks */,
				6322D50F24EAD47200D21F08 /* Resources */,
			);
			buildRules = (
			);
			dependencies = (
				6322D51324EAD47200D21F08 /* PBXTargetDependency */,
			);
			name = MediaMonksTests;
			productName = MediaMonksTests;
			productReference = 6322D51124EAD47200D21F08 /* MediaMonksTests.xctest */;
			productType = "com.apple.product-type.bundle.unit-test";
		};
/* End PBXNativeTarget section */

/* Begin PBXProject section */
		6322D4F324EAD46F00D21F08 /* Project object */ = {
			isa = PBXProject;
			attributes = {
				LastSwiftUpdateCheck = 1160;
				LastUpgradeCheck = 1160;
				ORGANIZATIONNAME = "Marcelo Laprea";
				TargetAttributes = {
					6322D4FA24EAD46F00D21F08 = {
						CreatedOnToolsVersion = 11.6;
					};
					6322D51024EAD47200D21F08 = {
						CreatedOnToolsVersion = 11.6;
						TestTargetID = 6322D4FA24EAD46F00D21F08;
					};
				};
			};
			buildConfigurationList = 6322D4F624EAD46F00D21F08 /* Build configuration list for PBXProject "MediaMonks" */;
			compatibilityVersion = "Xcode 9.3";
			developmentRegion = en;
			hasScannedForEncodings = 0;
			knownRegions = (
				en,
				Base,
			);
			mainGroup = 6322D4F224EAD46F00D21F08;
			productRefGroup = 6322D4FC24EAD46F00D21F08 /* Products */;
			projectDirPath = "";
			projectRoot = "";
			targets = (
				6322D4FA24EAD46F00D21F08 /* MediaMonks */,
				6322D51024EAD47200D21F08 /* MediaMonksTests */,
			);
		};
/* End PBXProject section */

/* Begin PBXResourcesBuildPhase section */
		6322D4F924EAD46F00D21F08 /* Resources */ = {
			isa = PBXResourcesBuildPhase;
			buildActionMask = 2147483647;
			files = (
				6322D52724EAD68100D21F08 /* AlbumViewController.xib in Resources */,
				6322D50B24EAD47200D21F08 /* LaunchScreen.storyboard in Resources */,
				6322D50824EAD47200D21F08 /* Assets.xcassets in Resources */,
			);
			runOnlyForDeploymentPostprocessing = 0;
		};
		6322D50F24EAD47200D21F08 /* Resources */ = {
			isa = PBXResourcesBuildPhase;
			buildActionMask = 2147483647;
			files = (
			);
			runOnlyForDeploymentPostprocessing = 0;
		};
/* End PBXResourcesBuildPhase section */

/* Begin PBXSourcesBuildPhase section */
		6322D4F724EAD46F00D21F08 /* Sources */ = {
			isa = PBXSourcesBuildPhase;
			buildActionMask = 2147483647;
			files = (
				6322D53824EADCE600D21F08 /* AlbumPresenter.swift in Sources */,
				6322D53224EAD8E300D21F08 /* Photo.swift in Sources */,
				6322D52624EAD68100D21F08 /* AlbumViewController.swift in Sources */,
				6322D4FF24EAD46F00D21F08 /* AppDelegate.swift in Sources */,
				6322D52C24EAD74400D21F08 /* AlbumResponse.swift in Sources */,
				6322D53B24EADDD500D21F08 /* AlbumBusinessController.swift in Sources */,
				6322D53E24EAE05A00D21F08 /* AlbumGateway.swift in Sources */,
				6322D54824EAE65000D21F08 /* MediaMonksErrors.swift in Sources */,
				6322D53024EAD8AD00D21F08 /* PhotoResponse.swift in Sources */,
				6322D50124EAD46F00D21F08 /* SceneDelegate.swift in Sources */,
				6322D52E24EAD88600D21F08 /* Album.swift in Sources */,
				6322D54624EAE4F400D21F08 /* Enviroment.swift in Sources */,
			);
			runOnlyForDeploymentPostprocessing = 0;
		};
		6322D50D24EAD47200D21F08 /* Sources */ = {
			isa = PBXSourcesBuildPhase;
			buildActionMask = 2147483647;
			files = (
				6322D53624EADA7800D21F08 /* PhotoTests.swift in Sources */,
				6322D53424EADA6800D21F08 /* AlbumTests.swift in Sources */,
				6322D54124EAE1E700D21F08 /* AlbumGatewayMock.swift in Sources */,
			);
			runOnlyForDeploymentPostprocessing = 0;
		};
/* End PBXSourcesBuildPhase section */

/* Begin PBXTargetDependency section */
		6322D51324EAD47200D21F08 /* PBXTargetDependency */ = {
			isa = PBXTargetDependency;
			target = 6322D4FA24EAD46F00D21F08 /* MediaMonks */;
			targetProxy = 6322D51224EAD47200D21F08 /* PBXContainerItemProxy */;
		};
/* End PBXTargetDependency section */

/* Begin PBXVariantGroup section */
		6322D50924EAD47200D21F08 /* LaunchScreen.storyboard */ = {
			isa = PBXVariantGroup;
			children = (
				6322D50A24EAD47200D21F08 /* Base */,
			);
			name = LaunchScreen.storyboard;
			sourceTree = "<group>";
		};
/* End PBXVariantGroup section */

/* Begin XCBuildConfiguration section */
		6322D51824EAD47200D21F08 /* Debug */ = {
			isa = XCBuildConfiguration;
			buildSettings = {
				ALWAYS_SEARCH_USER_PATHS = NO;
				CLANG_ANALYZER_NONNULL = YES;
				CLANG_ANALYZER_NUMBER_OBJECT_CONVERSION = YES_AGGRESSIVE;
				CLANG_CXX_LANGUAGE_STANDARD = "gnu++14";
				CLANG_CXX_LIBRARY = "libc++";
				CLANG_ENABLE_MODULES = YES;
				CLANG_ENABLE_OBJC_ARC = YES;
				CLANG_ENABLE_OBJC_WEAK = YES;
				CLANG_WARN_BLOCK_CAPTURE_AUTORELEASING = YES;
				CLANG_WARN_BOOL_CONVERSION = YES;
				CLANG_WARN_COMMA = YES;
				CLANG_WARN_CONSTANT_CONVERSION = YES;
				CLANG_WARN_DEPRECATED_OBJC_IMPLEMENTATIONS = YES;
				CLANG_WARN_DIRECT_OBJC_ISA_USAGE = YES_ERROR;
				CLANG_WARN_DOCUMENTATION_COMMENTS = YES;
				CLANG_WARN_EMPTY_BODY = YES;
				CLANG_WARN_ENUM_CONVERSION = YES;
				CLANG_WARN_INFINITE_RECURSION = YES;
				CLANG_WARN_INT_CONVERSION = YES;
				CLANG_WARN_NON_LITERAL_NULL_CONVERSION = YES;
				CLANG_WARN_OBJC_IMPLICIT_RETAIN_SELF = YES;
				CLANG_WARN_OBJC_LITERAL_CONVERSION = YES;
				CLANG_WARN_OBJC_ROOT_CLASS = YES_ERROR;
				CLANG_WARN_RANGE_LOOP_ANALYSIS = YES;
				CLANG_WARN_STRICT_PROTOTYPES = YES;
				CLANG_WARN_SUSPICIOUS_MOVE = YES;
				CLANG_WARN_UNGUARDED_AVAILABILITY = YES_AGGRESSIVE;
				CLANG_WARN_UNREACHABLE_CODE = YES;
				CLANG_WARN__DUPLICATE_METHOD_MATCH = YES;
				COPY_PHASE_STRIP = NO;
				DEBUG_INFORMATION_FORMAT = dwarf;
				ENABLE_STRICT_OBJC_MSGSEND = YES;
				ENABLE_TESTABILITY = YES;
				GCC_C_LANGUAGE_STANDARD = gnu11;
				GCC_DYNAMIC_NO_PIC = NO;
				GCC_NO_COMMON_BLOCKS = YES;
				GCC_OPTIMIZATION_LEVEL = 0;
				GCC_PREPROCESSOR_DEFINITIONS = (
					"DEBUG=1",
					"$(inherited)",
				);
				GCC_WARN_64_TO_32_BIT_CONVERSION = YES;
				GCC_WARN_ABOUT_RETURN_TYPE = YES_ERROR;
				GCC_WARN_UNDECLARED_SELECTOR = YES;
				GCC_WARN_UNINITIALIZED_AUTOS = YES_AGGRESSIVE;
				GCC_WARN_UNUSED_FUNCTION = YES;
				GCC_WARN_UNUSED_VARIABLE = YES;
				IPHONEOS_DEPLOYMENT_TARGET = 13.6;
				MTL_ENABLE_DEBUG_INFO = INCLUDE_SOURCE;
				MTL_FAST_MATH = YES;
				ONLY_ACTIVE_ARCH = YES;
				SDKROOT = iphoneos;
				SWIFT_ACTIVE_COMPILATION_CONDITIONS = DEBUG;
				SWIFT_OPTIMIZATION_LEVEL = "-Onone";
			};
			name = Debug;
		};
		6322D51924EAD47200D21F08 /* Release */ = {
			isa = XCBuildConfiguration;
			buildSettings = {
				ALWAYS_SEARCH_USER_PATHS = NO;
				CLANG_ANALYZER_NONNULL = YES;
				CLANG_ANALYZER_NUMBER_OBJECT_CONVERSION = YES_AGGRESSIVE;
				CLANG_CXX_LANGUAGE_STANDARD = "gnu++14";
				CLANG_CXX_LIBRARY = "libc++";
				CLANG_ENABLE_MODULES = YES;
				CLANG_ENABLE_OBJC_ARC = YES;
				CLANG_ENABLE_OBJC_WEAK = YES;
				CLANG_WARN_BLOCK_CAPTURE_AUTORELEASING = YES;
				CLANG_WARN_BOOL_CONVERSION = YES;
				CLANG_WARN_COMMA = YES;
				CLANG_WARN_CONSTANT_CONVERSION = YES;
				CLANG_WARN_DEPRECATED_OBJC_IMPLEMENTATIONS = YES;
				CLANG_WARN_DIRECT_OBJC_ISA_USAGE = YES_ERROR;
				CLANG_WARN_DOCUMENTATION_COMMENTS = YES;
				CLANG_WARN_EMPTY_BODY = YES;
				CLANG_WARN_ENUM_CONVERSION = YES;
				CLANG_WARN_INFINITE_RECURSION = YES;
				CLANG_WARN_INT_CONVERSION = YES;
				CLANG_WARN_NON_LITERAL_NULL_CONVERSION = YES;
				CLANG_WARN_OBJC_IMPLICIT_RETAIN_SELF = YES;
				CLANG_WARN_OBJC_LITERAL_CONVERSION = YES;
				CLANG_WARN_OBJC_ROOT_CLASS = YES_ERROR;
				CLANG_WARN_RANGE_LOOP_ANALYSIS = YES;
				CLANG_WARN_STRICT_PROTOTYPES = YES;
				CLANG_WARN_SUSPICIOUS_MOVE = YES;
				CLANG_WARN_UNGUARDED_AVAILABILITY = YES_AGGRESSIVE;
				CLANG_WARN_UNREACHABLE_CODE = YES;
				CLANG_WARN__DUPLICATE_METHOD_MATCH = YES;
				COPY_PHASE_STRIP = NO;
				DEBUG_INFORMATION_FORMAT = "dwarf-with-dsym";
				ENABLE_NS_ASSERTIONS = NO;
				ENABLE_STRICT_OBJC_MSGSEND = YES;
				GCC_C_LANGUAGE_STANDARD = gnu11;
				GCC_NO_COMMON_BLOCKS = YES;
				GCC_WARN_64_TO_32_BIT_CONVERSION = YES;
				GCC_WARN_ABOUT_RETURN_TYPE = YES_ERROR;
				GCC_WARN_UNDECLARED_SELECTOR = YES;
				GCC_WARN_UNINITIALIZED_AUTOS = YES_AGGRESSIVE;
				GCC_WARN_UNUSED_FUNCTION = YES;
				GCC_WARN_UNUSED_VARIABLE = YES;
				IPHONEOS_DEPLOYMENT_TARGET = 13.6;
				MTL_ENABLE_DEBUG_INFO = NO;
				MTL_FAST_MATH = YES;
				SDKROOT = iphoneos;
				SWIFT_COMPILATION_MODE = wholemodule;
				SWIFT_OPTIMIZATION_LEVEL = "-O";
				VALIDATE_PRODUCT = YES;
			};
			name = Release;
		};
		6322D51B24EAD47200D21F08 /* Debug */ = {
			isa = XCBuildConfiguration;
			buildSettings = {
				ASSETCATALOG_COMPILER_APPICON_NAME = AppIcon;
				CODE_SIGN_STYLE = Automatic;
				DEVELOPMENT_TEAM = 437V95VV9R;
				INFOPLIST_FILE = MediaMonks/Info.plist;
				LD_RUNPATH_SEARCH_PATHS = (
					"$(inherited)",
					"@executable_path/Frameworks",
				);
				PRODUCT_BUNDLE_IDENTIFIER = com.mediamonks.MediaMonks;
				PRODUCT_NAME = "$(TARGET_NAME)";
				SWIFT_VERSION = 5.0;
				TARGETED_DEVICE_FAMILY = "1,2";
			};
			name = Debug;
		};
		6322D51C24EAD47200D21F08 /* Release */ = {
			isa = XCBuildConfiguration;
			buildSettings = {
				ASSETCATALOG_COMPILER_APPICON_NAME = AppIcon;
				CODE_SIGN_STYLE = Automatic;
				DEVELOPMENT_TEAM = 437V95VV9R;
				INFOPLIST_FILE = MediaMonks/Info.plist;
				LD_RUNPATH_SEARCH_PATHS = (
					"$(inherited)",
					"@executable_path/Frameworks",
				);
				PRODUCT_BUNDLE_IDENTIFIER = com.mediamonks.MediaMonks;
				PRODUCT_NAME = "$(TARGET_NAME)";
				SWIFT_VERSION = 5.0;
				TARGETED_DEVICE_FAMILY = "1,2";
			};
			name = Release;
		};
		6322D51E24EAD47200D21F08 /* Debug */ = {
			isa = XCBuildConfiguration;
			buildSettings = {
				ALWAYS_EMBED_SWIFT_STANDARD_LIBRARIES = YES;
				BUNDLE_LOADER = "$(TEST_HOST)";
				CODE_SIGN_STYLE = Automatic;
				DEVELOPMENT_TEAM = 437V95VV9R;
				INFOPLIST_FILE = MediaMonksTests/Info.plist;
				IPHONEOS_DEPLOYMENT_TARGET = 13.6;
				LD_RUNPATH_SEARCH_PATHS = (
					"$(inherited)",
					"@executable_path/Frameworks",
					"@loader_path/Frameworks",
				);
				PRODUCT_BUNDLE_IDENTIFIER = com.mediamonks.MediaMonksTests;
				PRODUCT_NAME = "$(TARGET_NAME)";
				SWIFT_VERSION = 5.0;
				TARGETED_DEVICE_FAMILY = "1,2";
				TEST_HOST = "$(BUILT_PRODUCTS_DIR)/MediaMonks.app/MediaMonks";
			};
			name = Debug;
		};
		6322D51F24EAD47200D21F08 /* Release */ = {
			isa = XCBuildConfiguration;
			buildSettings = {
				ALWAYS_EMBED_SWIFT_STANDARD_LIBRARIES = YES;
				BUNDLE_LOADER = "$(TEST_HOST)";
				CODE_SIGN_STYLE = Automatic;
				DEVELOPMENT_TEAM = 437V95VV9R;
				INFOPLIST_FILE = MediaMonksTests/Info.plist;
				IPHONEOS_DEPLOYMENT_TARGET = 13.6;
				LD_RUNPATH_SEARCH_PATHS = (
					"$(inherited)",
					"@executable_path/Frameworks",
					"@loader_path/Frameworks",
				);
				PRODUCT_BUNDLE_IDENTIFIER = com.mediamonks.MediaMonksTests;
				PRODUCT_NAME = "$(TARGET_NAME)";
				SWIFT_VERSION = 5.0;
				TARGETED_DEVICE_FAMILY = "1,2";
				TEST_HOST = "$(BUILT_PRODUCTS_DIR)/MediaMonks.app/MediaMonks";
			};
			name = Release;
		};
/* End XCBuildConfiguration section */

/* Begin XCConfigurationList section */
		6322D4F624EAD46F00D21F08 /* Build configuration list for PBXProject "MediaMonks" */ = {
			isa = XCConfigurationList;
			buildConfigurations = (
				6322D51824EAD47200D21F08 /* Debug */,
				6322D51924EAD47200D21F08 /* Release */,
			);
			defaultConfigurationIsVisible = 0;
			defaultConfigurationName = Release;
		};
		6322D51A24EAD47200D21F08 /* Build configuration list for PBXNativeTarget "MediaMonks" */ = {
			isa = XCConfigurationList;
			buildConfigurations = (
				6322D51B24EAD47200D21F08 /* Debug */,
				6322D51C24EAD47200D21F08 /* Release */,
			);
			defaultConfigurationIsVisible = 0;
			defaultConfigurationName = Release;
		};
		6322D51D24EAD47200D21F08 /* Build configuration list for PBXNativeTarget "MediaMonksTests" */ = {
			isa = XCConfigurationList;
			buildConfigurations = (
				6322D51E24EAD47200D21F08 /* Debug */,
				6322D51F24EAD47200D21F08 /* Release */,
			);
			defaultConfigurationIsVisible = 0;
			defaultConfigurationName = Release;
		};
/* End XCConfigurationList section */
	};
	rootObject = 6322D4F324EAD46F00D21F08 /* Project object */;
}
